
Microsoft Visual Studio Solution File, Format Version 12.00
# Visual Studio Version 17
VisualStudioVersion = 17.10.35122.118
MinimumVisualStudioVersion = 10.0.40219.1
Project("{FAE04EC0-301F-11D3-BF4B-00C04F79EFBC}") = "backend-lab-C24721", "backend-lab-C24721\backend-lab-C24721.csproj", "{5DB8D8F2-50E9-4053-8545-7FDC901D8147}"
EndProject
Global
	GlobalSection(SolutionConfigurationPlatforms) = preSolution
		Debug|Any CPU = Debug|Any CPU
		Release|Any CPU = Release|Any CPU
	EndGlobalSection
	GlobalSection(ProjectConfigurationPlatforms) = postSolution
		{5DB8D8F2-50E9-4053-8545-7FDC901D8147}.Debug|Any CPU.ActiveCfg = Debug|Any CPU
		{5DB8D8F2-50E9-4053-8545-7FDC901D8147}.Debug|Any CPU.Build.0 = Debug|Any CPU
		{5DB8D8F2-50E9-4053-8545-7FDC901D8147}.Release|Any CPU.ActiveCfg = Release|Any CPU
		{5DB8D8F2-50E9-4053-8545-7FDC901D8147}.Release|Any CPU.Build.0 = Release|Any CPU
	EndGlobalSection
	GlobalSection(SolutionProperties) = preSolution
		HideSolutionNode = FALSE
	EndGlobalSection
	GlobalSection(ExtensibilityGlobals) = postSolution
		SolutionGuid = {A48F3B26-7B14-460D-947F-E382006F60DE}
	EndGlobalSection
EndGlobal
